
Microsoft Visual Studio Solution File, Format Version 12.00
# Visual Studio Version 17
VisualStudioVersion = 17.6.33712.159
MinimumVisualStudioVersion = 10.0.40219.1
Project("{FAE04EC0-301F-11D3-BF4B-00C04F79EFBC}") = "LibraryApp", "LibraryApp\LibraryApp.csproj", "{F3ECD551-EEC5-4AD4-BEF9-43D8E3D4BE08}"
EndProject
Global
	GlobalSection(SolutionConfigurationPlatforms) = preSolution
		Debug|Any CPU = Debug|Any CPU
		Release|Any CPU = Release|Any CPU
	EndGlobalSection
	GlobalSection(ProjectConfigurationPlatforms) = postSolution
		{F3ECD551-EEC5-4AD4-BEF9-43D8E3D4BE08}.Debug|Any CPU.ActiveCfg = Debug|Any CPU
		{F3ECD551-EEC5-4AD4-BEF9-43D8E3D4BE08}.Debug|Any CPU.Build.0 = Debug|Any CPU
		{F3ECD551-EEC5-4AD4-BEF9-43D8E3D4BE08}.Release|Any CPU.ActiveCfg = Release|Any CPU
		{F3ECD551-EEC5-4AD4-BEF9-43D8E3D4BE08}.Release|Any CPU.Build.0 = Release|Any CPU
	EndGlobalSection
	GlobalSection(SolutionProperties) = preSolution
		HideSolutionNode = FALSE
	EndGlobalSection
	GlobalSection(ExtensibilityGlobals) = postSolution
		SolutionGuid = {655A569C-D27A-49C3-9DFC-6E458A3D7343}
	EndGlobalSection
EndGlobal
